
Microsoft Visual Studio Solution File, Format Version 12.00
# Visual Studio Version 17
VisualStudioVersion = 17.5.002.0
MinimumVisualStudioVersion = 10.0.40219.1
Project("{9A19103F-16F7-4668-BE54-9A1E7A4F7556}") = "compiler", "compiler.csproj", "{526586AC-F05D-4854-989B-4B86567AF6BE}"
EndProject
Global
	GlobalSection(SolutionConfigurationPlatforms) = preSolution
		Debug|Any CPU = Debug|Any CPU
		Release|Any CPU = Release|Any CPU
	EndGlobalSection
	GlobalSection(ProjectConfigurationPlatforms) = postSolution
		{526586AC-F05D-4854-989B-4B86567AF6BE}.Debug|Any CPU.ActiveCfg = Debug|Any CPU
		{526586AC-F05D-4854-989B-4B86567AF6BE}.Debug|Any CPU.Build.0 = Debug|Any CPU
		{526586AC-F05D-4854-989B-4B86567AF6BE}.Release|Any CPU.ActiveCfg = Release|Any CPU
		{526586AC-F05D-4854-989B-4B86567AF6BE}.Release|Any CPU.Build.0 = Release|Any CPU
	EndGlobalSection
	GlobalSection(SolutionProperties) = preSolution
		HideSolutionNode = FALSE
	EndGlobalSection
	GlobalSection(ExtensibilityGlobals) = postSolution
		SolutionGuid = {79731F19-55D9-48F9-ADB2-7C317D851ABE}
	EndGlobalSection
EndGlobal
